// !$*UTF8*$!
{
	archiveVersion = 1;
	classes = {
	};
	objectVersion = 55;
	objects = {

/* Begin PBXBuildFile section */
		3FDA5FCE57FFFEA553E78987 /* Pods_PesticideAppTests.framework in Frameworks */ = {isa = PBXBuildFile; fileRef = CFF4B1A954099BCD72C8008B /* Pods_PesticideAppTests.framework */; };
		59268D3BEEF209CB4107CDAD /* Pods_PesticideApp.framework in Frameworks */ = {isa = PBXBuildFile; fileRef = 23CEB41E39FEE80856C9EAD6 /* Pods_PesticideApp.framework */; };
		7E5274AD3B072DCA74A5F7E9 /* Pods_PesticideApp_PesticideAppUITests.framework in Frameworks */ = {isa = PBXBuildFile; fileRef = 966358D4540515C6A4269146 /* Pods_PesticideApp_PesticideAppUITests.framework */; };
		95F3324529A471FA008C424B /* DateConverter.swift in Sources */ = {isa = PBXBuildFile; fileRef = 95F3324429A471FA008C424B /* DateConverter.swift */; };
		BD03AF7F2905883000C58BD6 /* PesticideData.swift in Sources */ = {isa = PBXBuildFile; fileRef = BD03AF7E2905883000C58BD6 /* PesticideData.swift */; };
		BD03AF81290591D800C58BD6 /* String++.swift in Sources */ = {isa = PBXBuildFile; fileRef = BD03AF80290591D800C58BD6 /* String++.swift */; };
		BD03AF83290591F200C58BD6 /* UIlabel+Accent.swift in Sources */ = {isa = PBXBuildFile; fileRef = BD03AF82290591F200C58BD6 /* UIlabel+Accent.swift */; };
		BD266590290AED7B00554E78 /* PesticideRealmData.swift in Sources */ = {isa = PBXBuildFile; fileRef = BD26658F290AED7B00554E78 /* PesticideRealmData.swift */; };
		BD6287A2299D018100F90B52 /* PesticideSelectViewController.swift in Sources */ = {isa = PBXBuildFile; fileRef = BD6287A1299D018100F90B52 /* PesticideSelectViewController.swift */; };
		BD772CE428FEBFD400450E07 /* AppDelegate.swift in Sources */ = {isa = PBXBuildFile; fileRef = BD772CE328FEBFD400450E07 /* AppDelegate.swift */; };
		BD772CE628FEBFD400450E07 /* SceneDelegate.swift in Sources */ = {isa = PBXBuildFile; fileRef = BD772CE528FEBFD400450E07 /* SceneDelegate.swift */; };
		BD772CE828FEBFD400450E07 /* HomeViewController.swift in Sources */ = {isa = PBXBuildFile; fileRef = BD772CE728FEBFD400450E07 /* HomeViewController.swift */; };
		BD772CEB28FEBFD400450E07 /* Home.storyboard in Resources */ = {isa = PBXBuildFile; fileRef = BD772CE928FEBFD400450E07 /* Home.storyboard */; };
		BD772CED28FEBFD600450E07 /* Assets.xcassets in Resources */ = {isa = PBXBuildFile; fileRef = BD772CEC28FEBFD600450E07 /* Assets.xcassets */; };
		BD772CFB28FEBFD700450E07 /* NouyakuAppTests.swift in Sources */ = {isa = PBXBuildFile; fileRef = BD772CFA28FEBFD700450E07 /* NouyakuAppTests.swift */; };
		BD772D0528FEBFD700450E07 /* NouyakuAppUITests.swift in Sources */ = {isa = PBXBuildFile; fileRef = BD772D0428FEBFD700450E07 /* NouyakuAppUITests.swift */; };
		BD772D0728FEBFD700450E07 /* NouyakuAppUITestsLaunchTests.swift in Sources */ = {isa = PBXBuildFile; fileRef = BD772D0628FEBFD700450E07 /* NouyakuAppUITestsLaunchTests.swift */; };
		BD772D1528FEC55800450E07 /* PesticideCustomCell.swift in Sources */ = {isa = PBXBuildFile; fileRef = BD772D1328FEC55800450E07 /* PesticideCustomCell.swift */; };
		BD772D1628FEC55800450E07 /* PesticideCustomCell.xib in Resources */ = {isa = PBXBuildFile; fileRef = BD772D1428FEC55800450E07 /* PesticideCustomCell.xib */; };
		BD81DFFB290443530047EC6F /* SideMenu.storyboard in Resources */ = {isa = PBXBuildFile; fileRef = BD81DFFA290443530047EC6F /* SideMenu.storyboard */; };
		BD81DFFD290446500047EC6F /* Animation++.swift in Sources */ = {isa = PBXBuildFile; fileRef = BD81DFFC290446500047EC6F /* Animation++.swift */; };
		BDB9AF9F290572BD005876FD /* PesticideRegisterViewController.swift in Sources */ = {isa = PBXBuildFile; fileRef = BDB9AF9E290572BD005876FD /* PesticideRegisterViewController.swift */; };
		BDB9AFA129057A7B005876FD /* RegisterCheckViewController.swift in Sources */ = {isa = PBXBuildFile; fileRef = BDB9AFA029057A7B005876FD /* RegisterCheckViewController.swift */; };
		BDCA244F2902EEB90054294D /* CustomDialogViewController.swift in Sources */ = {isa = PBXBuildFile; fileRef = BDCA244E2902EEB90054294D /* CustomDialogViewController.swift */; };
		BDCA2455290304D50054294D /* Splash.storyboard in Resources */ = {isa = PBXBuildFile; fileRef = BDCA2454290304D50054294D /* Splash.storyboard */; };
		BDCA2457290304E10054294D /* SplashViewController.swift in Sources */ = {isa = PBXBuildFile; fileRef = BDCA2456290304E10054294D /* SplashViewController.swift */; };
		BDCA245D29030AB40054294D /* LaunchScreen.swift in Sources */ = {isa = PBXBuildFile; fileRef = BDCA245C29030AB40054294D /* LaunchScreen.swift */; };
		BDCA245F29031D0F0054294D /* LaunchScreen.xib in Resources */ = {isa = PBXBuildFile; fileRef = BDCA245E29031D0F0054294D /* LaunchScreen.xib */; };
		BDCA246E29032DCE0054294D /* MenuViewController.swift in Sources */ = {isa = PBXBuildFile; fileRef = BDCA246D29032DCE0054294D /* MenuViewController.swift */; };
		BDDC6BC7290482400097767E /* Dialog++.swift in Sources */ = {isa = PBXBuildFile; fileRef = BDDC6BC6290482400097767E /* Dialog++.swift */; };
		BDDC6BC9290486DE0097767E /* UIButton++.swift in Sources */ = {isa = PBXBuildFile; fileRef = BDDC6BC8290486DE0097767E /* UIButton++.swift */; };
		BDED21BF29046EA700D6DF8D /* BGButton.swift in Sources */ = {isa = PBXBuildFile; fileRef = BDED21BE29046EA700D6DF8D /* BGButton.swift */; };
		BDF60ECC291C336B0033E7D8 /* ImageViewSave++.swift in Sources */ = {isa = PBXBuildFile; fileRef = BDF60ECB291C336B0033E7D8 /* ImageViewSave++.swift */; };
/* End PBXBuildFile section */

/* Begin PBXContainerItemProxy section */
		BD772CF728FEBFD700450E07 /* PBXContainerItemProxy */ = {
			isa = PBXContainerItemProxy;
			containerPortal = BD772CD828FEBFD400450E07 /* Project object */;
			proxyType = 1;
			remoteGlobalIDString = BD772CDF28FEBFD400450E07;
			remoteInfo = NouyakuApp;
		};
		BD772D0128FEBFD700450E07 /* PBXContainerItemProxy */ = {
			isa = PBXContainerItemProxy;
			containerPortal = BD772CD828FEBFD400450E07 /* Project object */;
			proxyType = 1;
			remoteGlobalIDString = BD772CDF28FEBFD400450E07;
			remoteInfo = NouyakuApp;
		};
/* End PBXContainerItemProxy section */

/* Begin PBXFileReference section */
		12998377001030E74A994817 /* Pods-PesticideApp.release.xcconfig */ = {isa = PBXFileReference; includeInIndex = 1; lastKnownFileType = text.xcconfig; name = "Pods-PesticideApp.release.xcconfig"; path = "Target Support Files/Pods-PesticideApp/Pods-PesticideApp.release.xcconfig"; sourceTree = "<group>"; };
		23CEB41E39FEE80856C9EAD6 /* Pods_PesticideApp.framework */ = {isa = PBXFileReference; explicitFileType = wrapper.framework; includeInIndex = 0; path = Pods_PesticideApp.framework; sourceTree = BUILT_PRODUCTS_DIR; };
		4949B5BA21A3CC78DEF5FF5B /* Pods-PesticideApp-PesticideAppUITests.debug.xcconfig */ = {isa = PBXFileReference; includeInIndex = 1; lastKnownFileType = text.xcconfig; name = "Pods-PesticideApp-PesticideAppUITests.debug.xcconfig"; path = "Target Support Files/Pods-PesticideApp-PesticideAppUITests/Pods-PesticideApp-PesticideAppUITests.debug.xcconfig"; sourceTree = "<group>"; };
		55105C36814D9C186A02ADE1 /* Pods-PesticideAppTests.debug.xcconfig */ = {isa = PBXFileReference; includeInIndex = 1; lastKnownFileType = text.xcconfig; name = "Pods-PesticideAppTests.debug.xcconfig"; path = "Target Support Files/Pods-PesticideAppTests/Pods-PesticideAppTests.debug.xcconfig"; sourceTree = "<group>"; };
		95F3324429A471FA008C424B /* DateConverter.swift */ = {isa = PBXFileReference; lastKnownFileType = sourcecode.swift; path = DateConverter.swift; sourceTree = "<group>"; };
		966358D4540515C6A4269146 /* Pods_PesticideApp_PesticideAppUITests.framework */ = {isa = PBXFileReference; explicitFileType = wrapper.framework; includeInIndex = 0; path = Pods_PesticideApp_PesticideAppUITests.framework; sourceTree = BUILT_PRODUCTS_DIR; };
		A6795E6371D5EF476C1207B7 /* Pods-PesticideAppTests.release.xcconfig */ = {isa = PBXFileReference; includeInIndex = 1; lastKnownFileType = text.xcconfig; name = "Pods-PesticideAppTests.release.xcconfig"; path = "Target Support Files/Pods-PesticideAppTests/Pods-PesticideAppTests.release.xcconfig"; sourceTree = "<group>"; };
		BD03AF7E2905883000C58BD6 /* PesticideData.swift */ = {isa = PBXFileReference; lastKnownFileType = sourcecode.swift; path = PesticideData.swift; sourceTree = "<group>"; };
		BD03AF80290591D800C58BD6 /* String++.swift */ = {isa = PBXFileReference; lastKnownFileType = sourcecode.swift; path = "String++.swift"; sourceTree = "<group>"; };
		BD03AF82290591F200C58BD6 /* UIlabel+Accent.swift */ = {isa = PBXFileReference; lastKnownFileType = sourcecode.swift; path = "UIlabel+Accent.swift"; sourceTree = "<group>"; };
		BD26658F290AED7B00554E78 /* PesticideRealmData.swift */ = {isa = PBXFileReference; lastKnownFileType = sourcecode.swift; path = PesticideRealmData.swift; sourceTree = "<group>"; };
		BD6287A1299D018100F90B52 /* PesticideSelectViewController.swift */ = {isa = PBXFileReference; lastKnownFileType = sourcecode.swift; path = PesticideSelectViewController.swift; sourceTree = "<group>"; };
		BD772CE028FEBFD400450E07 /* PesticideApp.app */ = {isa = PBXFileReference; explicitFileType = wrapper.application; includeInIndex = 0; path = PesticideApp.app; sourceTree = BUILT_PRODUCTS_DIR; };
		BD772CE328FEBFD400450E07 /* AppDelegate.swift */ = {isa = PBXFileReference; lastKnownFileType = sourcecode.swift; path = AppDelegate.swift; sourceTree = "<group>"; };
		BD772CE528FEBFD400450E07 /* SceneDelegate.swift */ = {isa = PBXFileReference; lastKnownFileType = sourcecode.swift; path = SceneDelegate.swift; sourceTree = "<group>"; };
		BD772CE728FEBFD400450E07 /* HomeViewController.swift */ = {isa = PBXFileReference; lastKnownFileType = sourcecode.swift; path = HomeViewController.swift; sourceTree = "<group>"; };
		BD772CEA28FEBFD400450E07 /* Base */ = {isa = PBXFileReference; lastKnownFileType = file.storyboard; name = Base; path = Base.lproj/Home.storyboard; sourceTree = "<group>"; };
		BD772CEC28FEBFD600450E07 /* Assets.xcassets */ = {isa = PBXFileReference; lastKnownFileType = folder.assetcatalog; path = Assets.xcassets; sourceTree = "<group>"; };
		BD772CF128FEBFD600450E07 /* Info.plist */ = {isa = PBXFileReference; lastKnownFileType = text.plist.xml; path = Info.plist; sourceTree = "<group>"; };
		BD772CF628FEBFD700450E07 /* PesticideAppTests.xctest */ = {isa = PBXFileReference; explicitFileType = wrapper.cfbundle; includeInIndex = 0; path = PesticideAppTests.xctest; sourceTree = BUILT_PRODUCTS_DIR; };
		BD772CFA28FEBFD700450E07 /* NouyakuAppTests.swift */ = {isa = PBXFileReference; lastKnownFileType = sourcecode.swift; path = NouyakuAppTests.swift; sourceTree = "<group>"; };
		BD772D0028FEBFD700450E07 /* PesticideAppUITests.xctest */ = {isa = PBXFileReference; explicitFileType = wrapper.cfbundle; includeInIndex = 0; path = PesticideAppUITests.xctest; sourceTree = BUILT_PRODUCTS_DIR; };
		BD772D0428FEBFD700450E07 /* NouyakuAppUITests.swift */ = {isa = PBXFileReference; lastKnownFileType = sourcecode.swift; path = NouyakuAppUITests.swift; sourceTree = "<group>"; };
		BD772D0628FEBFD700450E07 /* NouyakuAppUITestsLaunchTests.swift */ = {isa = PBXFileReference; lastKnownFileType = sourcecode.swift; path = NouyakuAppUITestsLaunchTests.swift; sourceTree = "<group>"; };
		BD772D1328FEC55800450E07 /* PesticideCustomCell.swift */ = {isa = PBXFileReference; lastKnownFileType = sourcecode.swift; path = PesticideCustomCell.swift; sourceTree = "<group>"; };
		BD772D1428FEC55800450E07 /* PesticideCustomCell.xib */ = {isa = PBXFileReference; lastKnownFileType = file.xib; path = PesticideCustomCell.xib; sourceTree = "<group>"; };
		BD81DFFA290443530047EC6F /* SideMenu.storyboard */ = {isa = PBXFileReference; lastKnownFileType = file.storyboard; path = SideMenu.storyboard; sourceTree = "<group>"; };
		BD81DFFC290446500047EC6F /* Animation++.swift */ = {isa = PBXFileReference; lastKnownFileType = sourcecode.swift; path = "Animation++.swift"; sourceTree = "<group>"; };
		BDB9AF9E290572BD005876FD /* PesticideRegisterViewController.swift */ = {isa = PBXFileReference; lastKnownFileType = sourcecode.swift; path = PesticideRegisterViewController.swift; sourceTree = "<group>"; };
		BDB9AFA029057A7B005876FD /* RegisterCheckViewController.swift */ = {isa = PBXFileReference; lastKnownFileType = sourcecode.swift; path = RegisterCheckViewController.swift; sourceTree = "<group>"; };
		BDCA244E2902EEB90054294D /* CustomDialogViewController.swift */ = {isa = PBXFileReference; lastKnownFileType = sourcecode.swift; path = CustomDialogViewController.swift; sourceTree = "<group>"; };
		BDCA2454290304D50054294D /* Splash.storyboard */ = {isa = PBXFileReference; lastKnownFileType = file.storyboard; path = Splash.storyboard; sourceTree = "<group>"; };
		BDCA2456290304E10054294D /* SplashViewController.swift */ = {isa = PBXFileReference; lastKnownFileType = sourcecode.swift; path = SplashViewController.swift; sourceTree = "<group>"; };
		BDCA245C29030AB40054294D /* LaunchScreen.swift */ = {isa = PBXFileReference; lastKnownFileType = sourcecode.swift; path = LaunchScreen.swift; sourceTree = "<group>"; };
		BDCA245E29031D0F0054294D /* LaunchScreen.xib */ = {isa = PBXFileReference; lastKnownFileType = file.xib; path = LaunchScreen.xib; sourceTree = "<group>"; };
		BDCA246D29032DCE0054294D /* MenuViewController.swift */ = {isa = PBXFileReference; lastKnownFileType = sourcecode.swift; path = MenuViewController.swift; sourceTree = "<group>"; };
		BDDC6BC6290482400097767E /* Dialog++.swift */ = {isa = PBXFileReference; lastKnownFileType = sourcecode.swift; path = "Dialog++.swift"; sourceTree = "<group>"; };
		BDDC6BC8290486DE0097767E /* UIButton++.swift */ = {isa = PBXFileReference; lastKnownFileType = sourcecode.swift; path = "UIButton++.swift"; sourceTree = "<group>"; };
		BDED21BE29046EA700D6DF8D /* BGButton.swift */ = {isa = PBXFileReference; lastKnownFileType = sourcecode.swift; path = BGButton.swift; sourceTree = "<group>"; };
		BDF60ECB291C336B0033E7D8 /* ImageViewSave++.swift */ = {isa = PBXFileReference; lastKnownFileType = sourcecode.swift; path = "ImageViewSave++.swift"; sourceTree = "<group>"; };
		CFF4B1A954099BCD72C8008B /* Pods_PesticideAppTests.framework */ = {isa = PBXFileReference; explicitFileType = wrapper.framework; includeInIndex = 0; path = Pods_PesticideAppTests.framework; sourceTree = BUILT_PRODUCTS_DIR; };
		D3A19A8A715448876CBCD427 /* Pods-PesticideApp.debug.xcconfig */ = {isa = PBXFileReference; includeInIndex = 1; lastKnownFileType = text.xcconfig; name = "Pods-PesticideApp.debug.xcconfig"; path = "Target Support Files/Pods-PesticideApp/Pods-PesticideApp.debug.xcconfig"; sourceTree = "<group>"; };
		D7BEBE8FDC36B16BE59EA327 /* Pods-PesticideApp-PesticideAppUITests.release.xcconfig */ = {isa = PBXFileReference; includeInIndex = 1; lastKnownFileType = text.xcconfig; name = "Pods-PesticideApp-PesticideAppUITests.release.xcconfig"; path = "Target Support Files/Pods-PesticideApp-PesticideAppUITests/Pods-PesticideApp-PesticideAppUITests.release.xcconfig"; sourceTree = "<group>"; };
/* End PBXFileReference section */

/* Begin PBXFrameworksBuildPhase section */
		BD772CDD28FEBFD400450E07 /* Frameworks */ = {
			isa = PBXFrameworksBuildPhase;
			buildActionMask = 2147483647;
			files = (
				59268D3BEEF209CB4107CDAD /* Pods_PesticideApp.framework in Frameworks */,
			);
			runOnlyForDeploymentPostprocessing = 0;
		};
		BD772CF328FEBFD700450E07 /* Frameworks */ = {
			isa = PBXFrameworksBuildPhase;
			buildActionMask = 2147483647;
			files = (
				3FDA5FCE57FFFEA553E78987 /* Pods_PesticideAppTests.framework in Frameworks */,
			);
			runOnlyForDeploymentPostprocessing = 0;
		};
		BD772CFD28FEBFD700450E07 /* Frameworks */ = {
			isa = PBXFrameworksBuildPhase;
			buildActionMask = 2147483647;
			files = (
				7E5274AD3B072DCA74A5F7E9 /* Pods_PesticideApp_PesticideAppUITests.framework in Frameworks */,
			);
			runOnlyForDeploymentPostprocessing = 0;
		};
/* End PBXFrameworksBuildPhase section */

/* Begin PBXGroup section */
		071E840872C0994775381469 /* Pods */ = {
			isa = PBXGroup;
			children = (
				D3A19A8A715448876CBCD427 /* Pods-PesticideApp.debug.xcconfig */,
				12998377001030E74A994817 /* Pods-PesticideApp.release.xcconfig */,
				4949B5BA21A3CC78DEF5FF5B /* Pods-PesticideApp-PesticideAppUITests.debug.xcconfig */,
				D7BEBE8FDC36B16BE59EA327 /* Pods-PesticideApp-PesticideAppUITests.release.xcconfig */,
				55105C36814D9C186A02ADE1 /* Pods-PesticideAppTests.debug.xcconfig */,
				A6795E6371D5EF476C1207B7 /* Pods-PesticideAppTests.release.xcconfig */,
			);
			path = Pods;
			sourceTree = "<group>";
		};
		59DBAE13123CC219053E2F41 /* Frameworks */ = {
			isa = PBXGroup;
			children = (
				23CEB41E39FEE80856C9EAD6 /* Pods_PesticideApp.framework */,
				966358D4540515C6A4269146 /* Pods_PesticideApp_PesticideAppUITests.framework */,
				CFF4B1A954099BCD72C8008B /* Pods_PesticideAppTests.framework */,
			);
			name = Frameworks;
			sourceTree = "<group>";
		};
		BD772CD728FEBFD400450E07 = {
			isa = PBXGroup;
			children = (
				BD772CE228FEBFD400450E07 /* PesticideApp */,
				BD772CF928FEBFD700450E07 /* PesticideAppTests */,
				BD772D0328FEBFD700450E07 /* NouyakuAppUITests */,
				BD772CE128FEBFD400450E07 /* Products */,
				071E840872C0994775381469 /* Pods */,
				59DBAE13123CC219053E2F41 /* Frameworks */,
			);
			sourceTree = "<group>";
		};
		BD772CE128FEBFD400450E07 /* Products */ = {
			isa = PBXGroup;
			children = (
				BD772CE028FEBFD400450E07 /* PesticideApp.app */,
				BD772CF628FEBFD700450E07 /* PesticideAppTests.xctest */,
				BD772D0028FEBFD700450E07 /* PesticideAppUITests.xctest */,
			);
			name = Products;
			sourceTree = "<group>";
		};
		BD772CE228FEBFD400450E07 /* PesticideApp */ = {
			isa = PBXGroup;
			children = (
				BD81DFF7290440BD0047EC6F /* SideMenu */,
				BDCA24592903078C0054294D /* Splash */,
				BDCA2458290307770054294D /* CustomCells */,
				BDCA244B2902EE100054294D /* Home */,
				BDCA244A2902EE050054294D /* Dialog */,
				BD772CE328FEBFD400450E07 /* AppDelegate.swift */,
				BD772CE528FEBFD400450E07 /* SceneDelegate.swift */,
				BD772CEC28FEBFD600450E07 /* Assets.xcassets */,
				BDCA245E29031D0F0054294D /* LaunchScreen.xib */,
				BDCA245C29030AB40054294D /* LaunchScreen.swift */,
				BD772CF128FEBFD600450E07 /* Info.plist */,
				BD81DFFC290446500047EC6F /* Animation++.swift */,
				BDED21BE29046EA700D6DF8D /* BGButton.swift */,
				BDDC6BC8290486DE0097767E /* UIButton++.swift */,
				BD03AF7E2905883000C58BD6 /* PesticideData.swift */,
				BD03AF80290591D800C58BD6 /* String++.swift */,
				BD03AF82290591F200C58BD6 /* UIlabel+Accent.swift */,
				BD26658F290AED7B00554E78 /* PesticideRealmData.swift */,
				BDF60ECB291C336B0033E7D8 /* ImageViewSave++.swift */,
				95F3324429A471FA008C424B /* DateConverter.swift */,
			);
			path = PesticideApp;
			sourceTree = "<group>";
		};
		BD772CF928FEBFD700450E07 /* PesticideAppTests */ = {
			isa = PBXGroup;
			children = (
				BD772CFA28FEBFD700450E07 /* NouyakuAppTests.swift */,
			);
			path = PesticideAppTests;
			sourceTree = "<group>";
		};
		BD772D0328FEBFD700450E07 /* NouyakuAppUITests */ = {
			isa = PBXGroup;
			children = (
				BD772D0428FEBFD700450E07 /* NouyakuAppUITests.swift */,
				BD772D0628FEBFD700450E07 /* NouyakuAppUITestsLaunchTests.swift */,
			);
			path = NouyakuAppUITests;
			sourceTree = "<group>";
		};
		BD81DFF7290440BD0047EC6F /* SideMenu */ = {
			isa = PBXGroup;
			children = (
				BDCA246D29032DCE0054294D /* MenuViewController.swift */,
				BD81DFFA290443530047EC6F /* SideMenu.storyboard */,
			);
			path = SideMenu;
			sourceTree = "<group>";
		};
		BDCA244A2902EE050054294D /* Dialog */ = {
			isa = PBXGroup;
			children = (
				BDCA244E2902EEB90054294D /* CustomDialogViewController.swift */,
				BDDC6BC6290482400097767E /* Dialog++.swift */,
			);
			path = Dialog;
			sourceTree = "<group>";
		};
		BDCA244B2902EE100054294D /* Home */ = {
			isa = PBXGroup;
			children = (
				BD772CE928FEBFD400450E07 /* Home.storyboard */,
				BD772CE728FEBFD400450E07 /* HomeViewController.swift */,
				BDB9AF9E290572BD005876FD /* PesticideRegisterViewController.swift */,
				BDB9AFA029057A7B005876FD /* RegisterCheckViewController.swift */,
				BD6287A1299D018100F90B52 /* PesticideSelectViewController.swift */,
			);
			path = Home;
			sourceTree = "<group>";
		};
		BDCA2458290307770054294D /* CustomCells */ = {
			isa = PBXGroup;
			children = (
				BD772D1428FEC55800450E07 /* PesticideCustomCell.xib */,
				BD772D1328FEC55800450E07 /* PesticideCustomCell.swift */,
			);
			path = CustomCells;
			sourceTree = "<group>";
		};
		BDCA24592903078C0054294D /* Splash */ = {
			isa = PBXGroup;
			children = (
				BDCA2454290304D50054294D /* Splash.storyboard */,
				BDCA2456290304E10054294D /* SplashViewController.swift */,
			);
			path = Splash;
			sourceTree = "<group>";
		};
/* End PBXGroup section */

/* Begin PBXNativeTarget section */
		BD772CDF28FEBFD400450E07 /* PesticideApp */ = {
			isa = PBXNativeTarget;
			buildConfigurationList = BD772D0A28FEBFD700450E07 /* Build configuration list for PBXNativeTarget "PesticideApp" */;
			buildPhases = (
				0D8CA5670AD0C8C6FF3E286B /* [CP] Check Pods Manifest.lock */,
				BD772CDC28FEBFD400450E07 /* Sources */,
				BD772CDD28FEBFD400450E07 /* Frameworks */,
				BD772CDE28FEBFD400450E07 /* Resources */,
				A04EE1773B89B46ABF15E266 /* [CP] Embed Pods Frameworks */,
			);
			buildRules = (
			);
			dependencies = (
			);
			name = PesticideApp;
			productName = NouyakuApp;
			productReference = BD772CE028FEBFD400450E07 /* PesticideApp.app */;
			productType = "com.apple.product-type.application";
		};
		BD772CF528FEBFD700450E07 /* PesticideAppTests */ = {
			isa = PBXNativeTarget;
			buildConfigurationList = BD772D0D28FEBFD700450E07 /* Build configuration list for PBXNativeTarget "PesticideAppTests" */;
			buildPhases = (
				8E0D945892F4DC06DC24DF00 /* [CP] Check Pods Manifest.lock */,
				BD772CF228FEBFD700450E07 /* Sources */,
				BD772CF328FEBFD700450E07 /* Frameworks */,
				BD772CF428FEBFD700450E07 /* Resources */,
			);
			buildRules = (
			);
			dependencies = (
				BD772CF828FEBFD700450E07 /* PBXTargetDependency */,
			);
			name = PesticideAppTests;
			productName = NouyakuAppTests;
			productReference = BD772CF628FEBFD700450E07 /* PesticideAppTests.xctest */;
			productType = "com.apple.product-type.bundle.unit-test";
		};
		BD772CFF28FEBFD700450E07 /* PesticideAppUITests */ = {
			isa = PBXNativeTarget;
			buildConfigurationList = BD772D1028FEBFD700450E07 /* Build configuration list for PBXNativeTarget "PesticideAppUITests" */;
			buildPhases = (
				51E0F1D3E24EA5A13F4A7C62 /* [CP] Check Pods Manifest.lock */,
				BD772CFC28FEBFD700450E07 /* Sources */,
				BD772CFD28FEBFD700450E07 /* Frameworks */,
				BD772CFE28FEBFD700450E07 /* Resources */,
				B3EBD7ECD761311DF73DB66B /* [CP] Embed Pods Frameworks */,
			);
			buildRules = (
			);
			dependencies = (
				BD772D0228FEBFD700450E07 /* PBXTargetDependency */,
			);
			name = PesticideAppUITests;
			productName = NouyakuAppUITests;
			productReference = BD772D0028FEBFD700450E07 /* PesticideAppUITests.xctest */;
			productType = "com.apple.product-type.bundle.ui-testing";
		};
/* End PBXNativeTarget section */

/* Begin PBXProject section */
		BD772CD828FEBFD400450E07 /* Project object */ = {
			isa = PBXProject;
			attributes = {
				BuildIndependentTargetsInParallel = 1;
				LastSwiftUpdateCheck = 1320;
				LastUpgradeCheck = 1320;
				TargetAttributes = {
					BD772CDF28FEBFD400450E07 = {
						CreatedOnToolsVersion = 13.2.1;
					};
					BD772CF528FEBFD700450E07 = {
						CreatedOnToolsVersion = 13.2.1;
						TestTargetID = BD772CDF28FEBFD400450E07;
					};
					BD772CFF28FEBFD700450E07 = {
						CreatedOnToolsVersion = 13.2.1;
						TestTargetID = BD772CDF28FEBFD400450E07;
					};
				};
			};
			buildConfigurationList = BD772CDB28FEBFD400450E07 /* Build configuration list for PBXProject "PesticideApp" */;
			compatibilityVersion = "Xcode 13.0";
			developmentRegion = en;
			hasScannedForEncodings = 0;
			knownRegions = (
				en,
				Base,
			);
			mainGroup = BD772CD728FEBFD400450E07;
			productRefGroup = BD772CE128FEBFD400450E07 /* Products */;
			projectDirPath = "";
			projectRoot = "";
			targets = (
				BD772CDF28FEBFD400450E07 /* PesticideApp */,
				BD772CF528FEBFD700450E07 /* PesticideAppTests */,
				BD772CFF28FEBFD700450E07 /* PesticideAppUITests */,
			);
		};
/* End PBXProject section */

/* Begin PBXResourcesBuildPhase section */
		BD772CDE28FEBFD400450E07 /* Resources */ = {
			isa = PBXResourcesBuildPhase;
			buildActionMask = 2147483647;
			files = (
				BDCA245F29031D0F0054294D /* LaunchScreen.xib in Resources */,
				BD81DFFB290443530047EC6F /* SideMenu.storyboard in Resources */,
				BD772D1628FEC55800450E07 /* PesticideCustomCell.xib in Resources */,
				BD772CED28FEBFD600450E07 /* Assets.xcassets in Resources */,
				BDCA2455290304D50054294D /* Splash.storyboard in Resources */,
				BD772CEB28FEBFD400450E07 /* Home.storyboard in Resources */,
			);
			runOnlyForDeploymentPostprocessing = 0;
		};
		BD772CF428FEBFD700450E07 /* Resources */ = {
			isa = PBXResourcesBuildPhase;
			buildActionMask = 2147483647;
			files = (
			);
			runOnlyForDeploymentPostprocessing = 0;
		};
		BD772CFE28FEBFD700450E07 /* Resources */ = {
			isa = PBXResourcesBuildPhase;
			buildActionMask = 2147483647;
			files = (
			);
			runOnlyForDeploymentPostprocessing = 0;
		};
/* End PBXResourcesBuildPhase section */

/* Begin PBXShellScriptBuildPhase section */
		0D8CA5670AD0C8C6FF3E286B /* [CP] Check Pods Manifest.lock */ = {
			isa = PBXShellScriptBuildPhase;
			buildActionMask = 2147483647;
			files = (
			);
			inputFileListPaths = (
			);
			inputPaths = (
				"${PODS_PODFILE_DIR_PATH}/Podfile.lock",
				"${PODS_ROOT}/Manifest.lock",
			);
			name = "[CP] Check Pods Manifest.lock";
			outputFileListPaths = (
			);
			outputPaths = (
				"$(DERIVED_FILE_DIR)/Pods-PesticideApp-checkManifestLockResult.txt",
			);
			runOnlyForDeploymentPostprocessing = 0;
			shellPath = /bin/sh;
			shellScript = "diff \"${PODS_PODFILE_DIR_PATH}/Podfile.lock\" \"${PODS_ROOT}/Manifest.lock\" > /dev/null\nif [ $? != 0 ] ; then\n    # print error to STDERR\n    echo \"error: The sandbox is not in sync with the Podfile.lock. Run 'pod install' or update your CocoaPods installation.\" >&2\n    exit 1\nfi\n# This output is used by Xcode 'outputs' to avoid re-running this script phase.\necho \"SUCCESS\" > \"${SCRIPT_OUTPUT_FILE_0}\"\n";
			showEnvVarsInLog = 0;
		};
		51E0F1D3E24EA5A13F4A7C62 /* [CP] Check Pods Manifest.lock */ = {
			isa = PBXShellScriptBuildPhase;
			buildActionMask = 2147483647;
			files = (
			);
			inputFileListPaths = (
			);
			inputPaths = (
				"${PODS_PODFILE_DIR_PATH}/Podfile.lock",
				"${PODS_ROOT}/Manifest.lock",
			);
			name = "[CP] Check Pods Manifest.lock";
			outputFileListPaths = (
			);
			outputPaths = (
				"$(DERIVED_FILE_DIR)/Pods-PesticideApp-PesticideAppUITests-checkManifestLockResult.txt",
			);
			runOnlyForDeploymentPostprocessing = 0;
			shellPath = /bin/sh;
			shellScript = "diff \"${PODS_PODFILE_DIR_PATH}/Podfile.lock\" \"${PODS_ROOT}/Manifest.lock\" > /dev/null\nif [ $? != 0 ] ; then\n    # print error to STDERR\n    echo \"error: The sandbox is not in sync with the Podfile.lock. Run 'pod install' or update your CocoaPods installation.\" >&2\n    exit 1\nfi\n# This output is used by Xcode 'outputs' to avoid re-running this script phase.\necho \"SUCCESS\" > \"${SCRIPT_OUTPUT_FILE_0}\"\n";
			showEnvVarsInLog = 0;
		};
		8E0D945892F4DC06DC24DF00 /* [CP] Check Pods Manifest.lock */ = {
			isa = PBXShellScriptBuildPhase;
			buildActionMask = 2147483647;
			files = (
			);
			inputFileListPaths = (
			);
			inputPaths = (
				"${PODS_PODFILE_DIR_PATH}/Podfile.lock",
				"${PODS_ROOT}/Manifest.lock",
			);
			name = "[CP] Check Pods Manifest.lock";
			outputFileListPaths = (
			);
			outputPaths = (
				"$(DERIVED_FILE_DIR)/Pods-PesticideAppTests-checkManifestLockResult.txt",
			);
			runOnlyForDeploymentPostprocessing = 0;
			shellPath = /bin/sh;
			shellScript = "diff \"${PODS_PODFILE_DIR_PATH}/Podfile.lock\" \"${PODS_ROOT}/Manifest.lock\" > /dev/null\nif [ $? != 0 ] ; then\n    # print error to STDERR\n    echo \"error: The sandbox is not in sync with the Podfile.lock. Run 'pod install' or update your CocoaPods installation.\" >&2\n    exit 1\nfi\n# This output is used by Xcode 'outputs' to avoid re-running this script phase.\necho \"SUCCESS\" > \"${SCRIPT_OUTPUT_FILE_0}\"\n";
			showEnvVarsInLog = 0;
		};
		A04EE1773B89B46ABF15E266 /* [CP] Embed Pods Frameworks */ = {
			isa = PBXShellScriptBuildPhase;
			buildActionMask = 2147483647;
			files = (
			);
			inputFileListPaths = (
				"${PODS_ROOT}/Target Support Files/Pods-PesticideApp/Pods-PesticideApp-frameworks-${CONFIGURATION}-input-files.xcfilelist",
			);
			name = "[CP] Embed Pods Frameworks";
			outputFileListPaths = (
				"${PODS_ROOT}/Target Support Files/Pods-PesticideApp/Pods-PesticideApp-frameworks-${CONFIGURATION}-output-files.xcfilelist",
			);
			runOnlyForDeploymentPostprocessing = 0;
			shellPath = /bin/sh;
			shellScript = "\"${PODS_ROOT}/Target Support Files/Pods-PesticideApp/Pods-PesticideApp-frameworks.sh\"\n";
			showEnvVarsInLog = 0;
		};
		B3EBD7ECD761311DF73DB66B /* [CP] Embed Pods Frameworks */ = {
			isa = PBXShellScriptBuildPhase;
			buildActionMask = 2147483647;
			files = (
			);
			inputFileListPaths = (
				"${PODS_ROOT}/Target Support Files/Pods-PesticideApp-PesticideAppUITests/Pods-PesticideApp-PesticideAppUITests-frameworks-${CONFIGURATION}-input-files.xcfilelist",
			);
			name = "[CP] Embed Pods Frameworks";
			outputFileListPaths = (
				"${PODS_ROOT}/Target Support Files/Pods-PesticideApp-PesticideAppUITests/Pods-PesticideApp-PesticideAppUITests-frameworks-${CONFIGURATION}-output-files.xcfilelist",
			);
			runOnlyForDeploymentPostprocessing = 0;
			shellPath = /bin/sh;
			shellScript = "\"${PODS_ROOT}/Target Support Files/Pods-PesticideApp-PesticideAppUITests/Pods-PesticideApp-PesticideAppUITests-frameworks.sh\"\n";
			showEnvVarsInLog = 0;
		};
/* End PBXShellScriptBuildPhase section */

/* Begin PBXSourcesBuildPhase section */
		BD772CDC28FEBFD400450E07 /* Sources */ = {
			isa = PBXSourcesBuildPhase;
			buildActionMask = 2147483647;
			files = (
				BDDC6BC7290482400097767E /* Dialog++.swift in Sources */,
				BD81DFFD290446500047EC6F /* Animation++.swift in Sources */,
				BD03AF83290591F200C58BD6 /* UIlabel+Accent.swift in Sources */,
				BDCA245D29030AB40054294D /* LaunchScreen.swift in Sources */,
				BDED21BF29046EA700D6DF8D /* BGButton.swift in Sources */,
				BD772CE828FEBFD400450E07 /* HomeViewController.swift in Sources */,
				BD266590290AED7B00554E78 /* PesticideRealmData.swift in Sources */,
				BD772D1528FEC55800450E07 /* PesticideCustomCell.swift in Sources */,
				BD03AF81290591D800C58BD6 /* String++.swift in Sources */,
				BDCA244F2902EEB90054294D /* CustomDialogViewController.swift in Sources */,
				BDCA2457290304E10054294D /* SplashViewController.swift in Sources */,
				BD772CE428FEBFD400450E07 /* AppDelegate.swift in Sources */,
				BD772CE628FEBFD400450E07 /* SceneDelegate.swift in Sources */,
				BDF60ECC291C336B0033E7D8 /* ImageViewSave++.swift in Sources */,
				95F3324529A471FA008C424B /* DateConverter.swift in Sources */,
				BDB9AF9F290572BD005876FD /* PesticideRegisterViewController.swift in Sources */,
				BDCA246E29032DCE0054294D /* MenuViewController.swift in Sources */,
				BDB9AFA129057A7B005876FD /* RegisterCheckViewController.swift in Sources */,
				BD03AF7F2905883000C58BD6 /* PesticideData.swift in Sources */,
				BDDC6BC9290486DE0097767E /* UIButton++.swift in Sources */,
				BD6287A2299D018100F90B52 /* PesticideSelectViewController.swift in Sources */,
			);
			runOnlyForDeploymentPostprocessing = 0;
		};
		BD772CF228FEBFD700450E07 /* Sources */ = {
			isa = PBXSourcesBuildPhase;
			buildActionMask = 2147483647;
			files = (
				BD772CFB28FEBFD700450E07 /* NouyakuAppTests.swift in Sources */,
			);
			runOnlyForDeploymentPostprocessing = 0;
		};
		BD772CFC28FEBFD700450E07 /* Sources */ = {
			isa = PBXSourcesBuildPhase;
			buildActionMask = 2147483647;
			files = (
				BD772D0528FEBFD700450E07 /* NouyakuAppUITests.swift in Sources */,
				BD772D0728FEBFD700450E07 /* NouyakuAppUITestsLaunchTests.swift in Sources */,
			);
			runOnlyForDeploymentPostprocessing = 0;
		};
/* End PBXSourcesBuildPhase section */

/* Begin PBXTargetDependency section */
		BD772CF828FEBFD700450E07 /* PBXTargetDependency */ = {
			isa = PBXTargetDependency;
			target = BD772CDF28FEBFD400450E07 /* PesticideApp */;
			targetProxy = BD772CF728FEBFD700450E07 /* PBXContainerItemProxy */;
		};
		BD772D0228FEBFD700450E07 /* PBXTargetDependency */ = {
			isa = PBXTargetDependency;
			target = BD772CDF28FEBFD400450E07 /* PesticideApp */;
			targetProxy = BD772D0128FEBFD700450E07 /* PBXContainerItemProxy */;
		};
/* End PBXTargetDependency section */

/* Begin PBXVariantGroup section */
		BD772CE928FEBFD400450E07 /* Home.storyboard */ = {
			isa = PBXVariantGroup;
			children = (
				BD772CEA28FEBFD400450E07 /* Base */,
			);
			name = Home.storyboard;
			sourceTree = "<group>";
		};
/* End PBXVariantGroup section */

/* Begin XCBuildConfiguration section */
		BD772D0828FEBFD700450E07 /* Debug */ = {
			isa = XCBuildConfiguration;
			buildSettings = {
				ALWAYS_SEARCH_USER_PATHS = NO;
				CLANG_ANALYZER_NONNULL = YES;
				CLANG_ANALYZER_NUMBER_OBJECT_CONVERSION = YES_AGGRESSIVE;
				CLANG_CXX_LANGUAGE_STANDARD = "gnu++17";
				CLANG_CXX_LIBRARY = "libc++";
				CLANG_ENABLE_MODULES = YES;
				CLANG_ENABLE_OBJC_ARC = YES;
				CLANG_ENABLE_OBJC_WEAK = YES;
				CLANG_WARN_BLOCK_CAPTURE_AUTORELEASING = YES;
				CLANG_WARN_BOOL_CONVERSION = YES;
				CLANG_WARN_COMMA = YES;
				CLANG_WARN_CONSTANT_CONVERSION = YES;
				CLANG_WARN_DEPRECATED_OBJC_IMPLEMENTATIONS = YES;
				CLANG_WARN_DIRECT_OBJC_ISA_USAGE = YES_ERROR;
				CLANG_WARN_DOCUMENTATION_COMMENTS = YES;
				CLANG_WARN_EMPTY_BODY = YES;
				CLANG_WARN_ENUM_CONVERSION = YES;
				CLANG_WARN_INFINITE_RECURSION = YES;
				CLANG_WARN_INT_CONVERSION = YES;
				CLANG_WARN_NON_LITERAL_NULL_CONVERSION = YES;
				CLANG_WARN_OBJC_IMPLICIT_RETAIN_SELF = YES;
				CLANG_WARN_OBJC_LITERAL_CONVERSION = YES;
				CLANG_WARN_OBJC_ROOT_CLASS = YES_ERROR;
				CLANG_WARN_QUOTED_INCLUDE_IN_FRAMEWORK_HEADER = YES;
				CLANG_WARN_RANGE_LOOP_ANALYSIS = YES;
				CLANG_WARN_STRICT_PROTOTYPES = YES;
				CLANG_WARN_SUSPICIOUS_MOVE = YES;
				CLANG_WARN_UNGUARDED_AVAILABILITY = YES_AGGRESSIVE;
				CLANG_WARN_UNREACHABLE_CODE = YES;
				CLANG_WARN__DUPLICATE_METHOD_MATCH = YES;
				COPY_PHASE_STRIP = NO;
				DEBUG_INFORMATION_FORMAT = dwarf;
				ENABLE_STRICT_OBJC_MSGSEND = YES;
				ENABLE_TESTABILITY = YES;
				GCC_C_LANGUAGE_STANDARD = gnu11;
				GCC_DYNAMIC_NO_PIC = NO;
				GCC_NO_COMMON_BLOCKS = YES;
				GCC_OPTIMIZATION_LEVEL = 0;
				GCC_PREPROCESSOR_DEFINITIONS = (
					"DEBUG=1",
					"$(inherited)",
				);
				GCC_WARN_64_TO_32_BIT_CONVERSION = YES;
				GCC_WARN_ABOUT_RETURN_TYPE = YES_ERROR;
				GCC_WARN_UNDECLARED_SELECTOR = YES;
				GCC_WARN_UNINITIALIZED_AUTOS = YES_AGGRESSIVE;
				GCC_WARN_UNUSED_FUNCTION = YES;
				GCC_WARN_UNUSED_VARIABLE = YES;
				IPHONEOS_DEPLOYMENT_TARGET = 15.2;
				MTL_ENABLE_DEBUG_INFO = INCLUDE_SOURCE;
				MTL_FAST_MATH = YES;
				ONLY_ACTIVE_ARCH = YES;
				SDKROOT = iphoneos;
				SWIFT_ACTIVE_COMPILATION_CONDITIONS = DEBUG;
				SWIFT_OPTIMIZATION_LEVEL = "-Onone";
			};
			name = Debug;
		};
		BD772D0928FEBFD700450E07 /* Release */ = {
			isa = XCBuildConfiguration;
			buildSettings = {
				ALWAYS_SEARCH_USER_PATHS = NO;
				CLANG_ANALYZER_NONNULL = YES;
				CLANG_ANALYZER_NUMBER_OBJECT_CONVERSION = YES_AGGRESSIVE;
				CLANG_CXX_LANGUAGE_STANDARD = "gnu++17";
				CLANG_CXX_LIBRARY = "libc++";
				CLANG_ENABLE_MODULES = YES;
				CLANG_ENABLE_OBJC_ARC = YES;
				CLANG_ENABLE_OBJC_WEAK = YES;
				CLANG_WARN_BLOCK_CAPTURE_AUTORELEASING = YES;
				CLANG_WARN_BOOL_CONVERSION = YES;
				CLANG_WARN_COMMA = YES;
				CLANG_WARN_CONSTANT_CONVERSION = YES;
				CLANG_WARN_DEPRECATED_OBJC_IMPLEMENTATIONS = YES;
				CLANG_WARN_DIRECT_OBJC_ISA_USAGE = YES_ERROR;
				CLANG_WARN_DOCUMENTATION_COMMENTS = YES;
				CLANG_WARN_EMPTY_BODY = YES;
				CLANG_WARN_ENUM_CONVERSION = YES;
				CLANG_WARN_INFINITE_RECURSION = YES;
				CLANG_WARN_INT_CONVERSION = YES;
				CLANG_WARN_NON_LITERAL_NULL_CONVERSION = YES;
				CLANG_WARN_OBJC_IMPLICIT_RETAIN_SELF = YES;
				CLANG_WARN_OBJC_LITERAL_CONVERSION = YES;
				CLANG_WARN_OBJC_ROOT_CLASS = YES_ERROR;
				CLANG_WARN_QUOTED_INCLUDE_IN_FRAMEWORK_HEADER = YES;
				CLANG_WARN_RANGE_LOOP_ANALYSIS = YES;
				CLANG_WARN_STRICT_PROTOTYPES = YES;
				CLANG_WARN_SUSPICIOUS_MOVE = YES;
				CLANG_WARN_UNGUARDED_AVAILABILITY = YES_AGGRESSIVE;
				CLANG_WARN_UNREACHABLE_CODE = YES;
				CLANG_WARN__DUPLICATE_METHOD_MATCH = YES;
				COPY_PHASE_STRIP = NO;
				DEBUG_INFORMATION_FORMAT = "dwarf-with-dsym";
				ENABLE_NS_ASSERTIONS = NO;
				ENABLE_STRICT_OBJC_MSGSEND = YES;
				GCC_C_LANGUAGE_STANDARD = gnu11;
				GCC_NO_COMMON_BLOCKS = YES;
				GCC_WARN_64_TO_32_BIT_CONVERSION = YES;
				GCC_WARN_ABOUT_RETURN_TYPE = YES_ERROR;
				GCC_WARN_UNDECLARED_SELECTOR = YES;
				GCC_WARN_UNINITIALIZED_AUTOS = YES_AGGRESSIVE;
				GCC_WARN_UNUSED_FUNCTION = YES;
				GCC_WARN_UNUSED_VARIABLE = YES;
				IPHONEOS_DEPLOYMENT_TARGET = 15.2;
				MTL_ENABLE_DEBUG_INFO = NO;
				MTL_FAST_MATH = YES;
				SDKROOT = iphoneos;
				SWIFT_COMPILATION_MODE = wholemodule;
				SWIFT_OPTIMIZATION_LEVEL = "-O";
				VALIDATE_PRODUCT = YES;
			};
			name = Release;
		};
		BD772D0B28FEBFD700450E07 /* Debug */ = {
			isa = XCBuildConfiguration;
			baseConfigurationReference = D3A19A8A715448876CBCD427 /* Pods-PesticideApp.debug.xcconfig */;
			buildSettings = {
				ASSETCATALOG_COMPILER_APPICON_NAME = AppIcon;
				ASSETCATALOG_COMPILER_GLOBAL_ACCENT_COLOR_NAME = AccentColor;
				CODE_SIGN_STYLE = Automatic;
				CURRENT_PROJECT_VERSION = 1;
				DEVELOPMENT_TEAM = Y3C4HSX4MR;
				GENERATE_INFOPLIST_FILE = YES;
				INFOPLIST_FILE = PesticideApp/Info.plist;
				INFOPLIST_KEY_UIApplicationSupportsIndirectInputEvents = YES;
				INFOPLIST_KEY_UILaunchStoryboardName = LaunchScreen;
				INFOPLIST_KEY_UIMainStoryboardFile = Home;
				INFOPLIST_KEY_UISupportedInterfaceOrientations_iPad = "UIInterfaceOrientationPortrait UIInterfaceOrientationPortraitUpsideDown UIInterfaceOrientationLandscapeLeft UIInterfaceOrientationLandscapeRight";
				INFOPLIST_KEY_UISupportedInterfaceOrientations_iPhone = "UIInterfaceOrientationPortrait UIInterfaceOrientationLandscapeLeft UIInterfaceOrientationLandscapeRight";
				IPHONEOS_DEPLOYMENT_TARGET = 14.5;
				LD_RUNPATH_SEARCH_PATHS = (
					"$(inherited)",
					"@executable_path/Frameworks",
				);
				MARKETING_VERSION = 1.0;
				PRODUCT_BUNDLE_IDENTIFIER = ayumunagai.NouyakuApp;
				PRODUCT_NAME = "$(TARGET_NAME)";
				SWIFT_EMIT_LOC_STRINGS = YES;
				SWIFT_VERSION = 5.0;
				TARGETED_DEVICE_FAMILY = "1,2";
			};
			name = Debug;
		};
		BD772D0C28FEBFD700450E07 /* Release */ = {
			isa = XCBuildConfiguration;
			baseConfigurationReference = 12998377001030E74A994817 /* Pods-PesticideApp.release.xcconfig */;
			buildSettings = {
				ASSETCATALOG_COMPILER_APPICON_NAME = AppIcon;
				ASSETCATALOG_COMPILER_GLOBAL_ACCENT_COLOR_NAME = AccentColor;
				CODE_SIGN_STYLE = Automatic;
				CURRENT_PROJECT_VERSION = 1;
				DEVELOPMENT_TEAM = Y3C4HSX4MR;
				GENERATE_INFOPLIST_FILE = YES;
				INFOPLIST_FILE = PesticideApp/Info.plist;
				INFOPLIST_KEY_UIApplicationSupportsIndirectInputEvents = YES;
				INFOPLIST_KEY_UILaunchStoryboardName = LaunchScreen;
				INFOPLIST_KEY_UIMainStoryboardFile = Home;
				INFOPLIST_KEY_UISupportedInterfaceOrientations_iPad = "UIInterfaceOrientationPortrait UIInterfaceOrientationPortraitUpsideDown UIInterfaceOrientationLandscapeLeft UIInterfaceOrientationLandscapeRight";
				INFOPLIST_KEY_UISupportedInterfaceOrientations_iPhone = "UIInterfaceOrientationPortrait UIInterfaceOrientationLandscapeLeft UIInterfaceOrientationLandscapeRight";
				IPHONEOS_DEPLOYMENT_TARGET = 14.5;
				LD_RUNPATH_SEARCH_PATHS = (
					"$(inherited)",
					"@executable_path/Frameworks",
				);
				MARKETING_VERSION = 1.0;
				PRODUCT_BUNDLE_IDENTIFIER = ayumunagai.NouyakuApp;
				PRODUCT_NAME = "$(TARGET_NAME)";
				SWIFT_EMIT_LOC_STRINGS = YES;
				SWIFT_VERSION = 5.0;
				TARGETED_DEVICE_FAMILY = "1,2";
			};
			name = Release;
		};
		BD772D0E28FEBFD700450E07 /* Debug */ = {
			isa = XCBuildConfiguration;
			baseConfigurationReference = 55105C36814D9C186A02ADE1 /* Pods-PesticideAppTests.debug.xcconfig */;
			buildSettings = {
				ALWAYS_EMBED_SWIFT_STANDARD_LIBRARIES = YES;
				BUNDLE_LOADER = "$(TEST_HOST)";
				CODE_SIGN_STYLE = Automatic;
				CURRENT_PROJECT_VERSION = 1;
				DEVELOPMENT_TEAM = KEDZPCX5KQ;
				GENERATE_INFOPLIST_FILE = YES;
				IPHONEOS_DEPLOYMENT_TARGET = 15.2;
				MARKETING_VERSION = 1.0;
				PRODUCT_BUNDLE_IDENTIFIER = ayumunagai.NouyakuAppTests;
				PRODUCT_NAME = "$(TARGET_NAME)";
				SWIFT_EMIT_LOC_STRINGS = NO;
				SWIFT_VERSION = 5.0;
				TARGETED_DEVICE_FAMILY = "1,2";
				TEST_HOST = "$(BUILT_PRODUCTS_DIR)/PesticideApp.app/PesticideApp";
			};
			name = Debug;
		};
		BD772D0F28FEBFD700450E07 /* Release */ = {
			isa = XCBuildConfiguration;
			baseConfigurationReference = A6795E6371D5EF476C1207B7 /* Pods-PesticideAppTests.release.xcconfig */;
			buildSettings = {
				ALWAYS_EMBED_SWIFT_STANDARD_LIBRARIES = YES;
				BUNDLE_LOADER = "$(TEST_HOST)";
				CODE_SIGN_STYLE = Automatic;
				CURRENT_PROJECT_VERSION = 1;
				DEVELOPMENT_TEAM = KEDZPCX5KQ;
				GENERATE_INFOPLIST_FILE = YES;
				IPHONEOS_DEPLOYMENT_TARGET = 15.2;
				MARKETING_VERSION = 1.0;
				PRODUCT_BUNDLE_IDENTIFIER = ayumunagai.NouyakuAppTests;
				PRODUCT_NAME = "$(TARGET_NAME)";
				SWIFT_EMIT_LOC_STRINGS = NO;
				SWIFT_VERSION = 5.0;
				TARGETED_DEVICE_FAMILY = "1,2";
				TEST_HOST = "$(BUILT_PRODUCTS_DIR)/PesticideApp.app/PesticideApp";
			};
			name = Release;
		};
		BD772D1128FEBFD700450E07 /* Debug */ = {
			isa = XCBuildConfiguration;
			baseConfigurationReference = 4949B5BA21A3CC78DEF5FF5B /* Pods-PesticideApp-PesticideAppUITests.debug.xcconfig */;
			buildSettings = {
				ALWAYS_EMBED_SWIFT_STANDARD_LIBRARIES = YES;
				CODE_SIGN_STYLE = Automatic;
				CURRENT_PROJECT_VERSION = 1;
				DEVELOPMENT_TEAM = KEDZPCX5KQ;
				GENERATE_INFOPLIST_FILE = YES;
				MARKETING_VERSION = 1.0;
				PRODUCT_BUNDLE_IDENTIFIER = ayumunagai.NouyakuAppUITests;
				PRODUCT_NAME = "$(TARGET_NAME)";
				SWIFT_EMIT_LOC_STRINGS = NO;
				SWIFT_VERSION = 5.0;
				TARGETED_DEVICE_FAMILY = "1,2";
				TEST_TARGET_NAME = NouyakuApp;
			};
			name = Debug;
		};
		BD772D1228FEBFD700450E07 /* Release */ = {
			isa = XCBuildConfiguration;
			baseConfigurationReference = D7BEBE8FDC36B16BE59EA327 /* Pods-PesticideApp-PesticideAppUITests.release.xcconfig */;
			buildSettings = {
				ALWAYS_EMBED_SWIFT_STANDARD_LIBRARIES = YES;
				CODE_SIGN_STYLE = Automatic;
				CURRENT_PROJECT_VERSION = 1;
				DEVELOPMENT_TEAM = KEDZPCX5KQ;
				GENERATE_INFOPLIST_FILE = YES;
				MARKETING_VERSION = 1.0;
				PRODUCT_BUNDLE_IDENTIFIER = ayumunagai.NouyakuAppUITests;
				PRODUCT_NAME = "$(TARGET_NAME)";
				SWIFT_EMIT_LOC_STRINGS = NO;
				SWIFT_VERSION = 5.0;
				TARGETED_DEVICE_FAMILY = "1,2";
				TEST_TARGET_NAME = NouyakuApp;
			};
			name = Release;
		};
/* End XCBuildConfiguration section */

/* Begin XCConfigurationList section */
		BD772CDB28FEBFD400450E07 /* Build configuration list for PBXProject "PesticideApp" */ = {
			isa = XCConfigurationList;
			buildConfigurations = (
				BD772D0828FEBFD700450E07 /* Debug */,
				BD772D0928FEBFD700450E07 /* Release */,
			);
			defaultConfigurationIsVisible = 0;
			defaultConfigurationName = Release;
		};
		BD772D0A28FEBFD700450E07 /* Build configuration list for PBXNativeTarget "PesticideApp" */ = {
			isa = XCConfigurationList;
			buildConfigurations = (
				BD772D0B28FEBFD700450E07 /* Debug */,
				BD772D0C28FEBFD700450E07 /* Release */,
			);
			defaultConfigurationIsVisible = 0;
			defaultConfigurationName = Release;
		};
		BD772D0D28FEBFD700450E07 /* Build configuration list for PBXNativeTarget "PesticideAppTests" */ = {
			isa = XCConfigurationList;
			buildConfigurations = (
				BD772D0E28FEBFD700450E07 /* Debug */,
				BD772D0F28FEBFD700450E07 /* Release */,
			);
			defaultConfigurationIsVisible = 0;
			defaultConfigurationName = Release;
		};
		BD772D1028FEBFD700450E07 /* Build configuration list for PBXNativeTarget "PesticideAppUITests" */ = {
			isa = XCConfigurationList;
			buildConfigurations = (
				BD772D1128FEBFD700450E07 /* Debug */,
				BD772D1228FEBFD700450E07 /* Release */,
			);
			defaultConfigurationIsVisible = 0;
			defaultConfigurationName = Release;
		};
/* End XCConfigurationList section */
	};
	rootObject = BD772CD828FEBFD400450E07 /* Project object */;
}
